
Microsoft Visual Studio Solution File, Format Version 12.00
# Visual Studio Version 17
VisualStudioVersion = 17.13.35617.110
MinimumVisualStudioVersion = 10.0.40219.1
Project("{2150E333-8FDC-42A3-9474-1A3956D46DE8}") = "Api", "Api", "{02EA681E-C7D8-13C7-8484-4AC65E1B71E8}"
EndProject
Project("{2150E333-8FDC-42A3-9474-1A3956D46DE8}") = "Servico", "Servico", "{6FDB4495-B6B7-49C8-A64E-04405233CE5C}"
EndProject
Project("{2150E333-8FDC-42A3-9474-1A3956D46DE8}") = "Teste", "Teste", "{17D1CE45-26E6-4804-AEE3-3C10200C3D56}"
EndProject
Project("{2150E333-8FDC-42A3-9474-1A3956D46DE8}") = "Contexto", "Contexto", "{BF816EEE-C02D-4D2D-B9C5-B559723F3CDE}"
EndProject
Project("{FAE04EC0-301F-11D3-BF4B-00C04F79EFBC}") = "Ponta.Api.Login", "Api\Ponta.Api.Login\Ponta.Api.Login.csproj", "{D4B33612-7553-D1E1-E6CA-598673A6C07A}"
EndProject
Project("{FAE04EC0-301F-11D3-BF4B-00C04F79EFBC}") = "Ponta.Api.Tarefa", "Api\Ponta.Api.Tarefa\Ponta.Api.Tarefa.csproj", "{39C67370-1D66-82FC-F716-91472E5A6748}"
EndProject
Project("{FAE04EC0-301F-11D3-BF4B-00C04F79EFBC}") = "Ponta.Api.Tarefas", "Api\Ponta.Api.Tarefas\Ponta.Api.Tarefas.csproj", "{926095DC-168A-5D00-AD74-57F4117E3C05}"
EndProject
Project("{FAE04EC0-301F-11D3-BF4B-00C04F79EFBC}") = "Ponta.Api.Usuario", "Api\Ponta.Api.Usuario\Ponta.Api.Usuario.csproj", "{0367F624-C348-C63D-2832-C6759DBF3868}"
EndProject
Project("{FAE04EC0-301F-11D3-BF4B-00C04F79EFBC}") = "Ponta.Servico.Login", "Servico\Ponta.Servico.Login\Ponta.Servico.Login.csproj", "{16D3FC39-565F-260D-1B74-BC3382EB9759}"
EndProject
Project("{FAE04EC0-301F-11D3-BF4B-00C04F79EFBC}") = "Ponta.Servico.Tarefa", "Servico\Ponta.Servico.Tarefa\Ponta.Servico.Tarefa.csproj", "{66E4CE61-554C-A263-CA6E-7E3210F76A19}"
EndProject
Project("{FAE04EC0-301F-11D3-BF4B-00C04F79EFBC}") = "Ponta.Servico.Tarefas", "Servico\Ponta.Servico.Tarefas\Ponta.Servico.Tarefas.csproj", "{B0933ED1-04FB-C4B9-79D4-11C86C441E5F}"
EndProject
Project("{FAE04EC0-301F-11D3-BF4B-00C04F79EFBC}") = "Ponta.Servico.Usuario", "Servico\Ponta.Servico.Usuario\Ponta.Servico.Usuario.csproj", "{A92C3F79-176A-AD01-1EEE-62A1790F3AFD}"
EndProject
Project("{FAE04EC0-301F-11D3-BF4B-00C04F79EFBC}") = "Ponta.Teste.Login", "Teste\Ponta.Teste.Login\Ponta.Teste.Login.csproj", "{91808029-F3A0-F7B1-9BD7-C83F75016188}"
EndProject
Project("{FAE04EC0-301F-11D3-BF4B-00C04F79EFBC}") = "Ponta.Teste.Tarefa", "Teste\Ponta.Teste.Tarefa\Ponta.Teste.Tarefa.csproj", "{FC459E75-B336-6CE9-5D05-63C44668F830}"
EndProject
Project("{FAE04EC0-301F-11D3-BF4B-00C04F79EFBC}") = "Ponta.Teste.Tarefas", "Teste\Ponta.Teste.Tarefas\Ponta.Teste.Tarefas.csproj", "{0114239B-EE39-1EBF-B27A-15C2CAAE8758}"
EndProject
Project("{FAE04EC0-301F-11D3-BF4B-00C04F79EFBC}") = "Ponta.Teste.Usuario", "Teste\Ponta.Teste.Usuario\Ponta.Teste.Usuario.csproj", "{A03C1F3F-FC99-8684-FA65-8862F0F851C1}"
EndProject
Project("{2150E333-8FDC-42A3-9474-1A3956D46DE8}") = "Solution Items", "Solution Items", "{8EC462FD-D22E-90A8-E5CE-7E832BA40C5D}"
	ProjectSection(SolutionItems) = preProject
		README.md = README.md
	EndProjectSection
EndProject
Global
	GlobalSection(SolutionConfigurationPlatforms) = preSolution
		Debug|Any CPU = Debug|Any CPU
		Release|Any CPU = Release|Any CPU
	EndGlobalSection
	GlobalSection(ProjectConfigurationPlatforms) = postSolution
		{D4B33612-7553-D1E1-E6CA-598673A6C07A}.Debug|Any CPU.ActiveCfg = Debug|Any CPU
		{D4B33612-7553-D1E1-E6CA-598673A6C07A}.Debug|Any CPU.Build.0 = Debug|Any CPU
		{D4B33612-7553-D1E1-E6CA-598673A6C07A}.Release|Any CPU.ActiveCfg = Release|Any CPU
		{D4B33612-7553-D1E1-E6CA-598673A6C07A}.Release|Any CPU.Build.0 = Release|Any CPU
		{39C67370-1D66-82FC-F716-91472E5A6748}.Debug|Any CPU.ActiveCfg = Debug|Any CPU
		{39C67370-1D66-82FC-F716-91472E5A6748}.Debug|Any CPU.Build.0 = Debug|Any CPU
		{39C67370-1D66-82FC-F716-91472E5A6748}.Release|Any CPU.ActiveCfg = Release|Any CPU
		{39C67370-1D66-82FC-F716-91472E5A6748}.Release|Any CPU.Build.0 = Release|Any CPU
		{926095DC-168A-5D00-AD74-57F4117E3C05}.Debug|Any CPU.ActiveCfg = Debug|Any CPU
		{926095DC-168A-5D00-AD74-57F4117E3C05}.Debug|Any CPU.Build.0 = Debug|Any CPU
		{926095DC-168A-5D00-AD74-57F4117E3C05}.Release|Any CPU.ActiveCfg = Release|Any CPU
		{926095DC-168A-5D00-AD74-57F4117E3C05}.Release|Any CPU.Build.0 = Release|Any CPU
		{0367F624-C348-C63D-2832-C6759DBF3868}.Debug|Any CPU.ActiveCfg = Debug|Any CPU
		{0367F624-C348-C63D-2832-C6759DBF3868}.Debug|Any CPU.Build.0 = Debug|Any CPU
		{0367F624-C348-C63D-2832-C6759DBF3868}.Release|Any CPU.ActiveCfg = Release|Any CPU
		{0367F624-C348-C63D-2832-C6759DBF3868}.Release|Any CPU.Build.0 = Release|Any CPU
		{16D3FC39-565F-260D-1B74-BC3382EB9759}.Debug|Any CPU.ActiveCfg = Debug|Any CPU
		{16D3FC39-565F-260D-1B74-BC3382EB9759}.Debug|Any CPU.Build.0 = Debug|Any CPU
		{16D3FC39-565F-260D-1B74-BC3382EB9759}.Release|Any CPU.ActiveCfg = Release|Any CPU
		{16D3FC39-565F-260D-1B74-BC3382EB9759}.Release|Any CPU.Build.0 = Release|Any CPU
		{66E4CE61-554C-A263-CA6E-7E3210F76A19}.Debug|Any CPU.ActiveCfg = Debug|Any CPU
		{66E4CE61-554C-A263-CA6E-7E3210F76A19}.Debug|Any CPU.Build.0 = Debug|Any CPU
		{66E4CE61-554C-A263-CA6E-7E3210F76A19}.Release|Any CPU.ActiveCfg = Release|Any CPU
		{66E4CE61-554C-A263-CA6E-7E3210F76A19}.Release|Any CPU.Build.0 = Release|Any CPU
		{B0933ED1-04FB-C4B9-79D4-11C86C441E5F}.Debug|Any CPU.ActiveCfg = Debug|Any CPU
		{B0933ED1-04FB-C4B9-79D4-11C86C441E5F}.Debug|Any CPU.Build.0 = Debug|Any CPU
		{B0933ED1-04FB-C4B9-79D4-11C86C441E5F}.Release|Any CPU.ActiveCfg = Release|Any CPU
		{B0933ED1-04FB-C4B9-79D4-11C86C441E5F}.Release|Any CPU.Build.0 = Release|Any CPU
		{A92C3F79-176A-AD01-1EEE-62A1790F3AFD}.Debug|Any CPU.ActiveCfg = Debug|Any CPU
		{A92C3F79-176A-AD01-1EEE-62A1790F3AFD}.Debug|Any CPU.Build.0 = Debug|Any CPU
		{A92C3F79-176A-AD01-1EEE-62A1790F3AFD}.Release|Any CPU.ActiveCfg = Release|Any CPU
		{A92C3F79-176A-AD01-1EEE-62A1790F3AFD}.Release|Any CPU.Build.0 = Release|Any CPU
		{91808029-F3A0-F7B1-9BD7-C83F75016188}.Debug|Any CPU.ActiveCfg = Debug|Any CPU
		{91808029-F3A0-F7B1-9BD7-C83F75016188}.Debug|Any CPU.Build.0 = Debug|Any CPU
		{91808029-F3A0-F7B1-9BD7-C83F75016188}.Release|Any CPU.ActiveCfg = Release|Any CPU
		{91808029-F3A0-F7B1-9BD7-C83F75016188}.Release|Any CPU.Build.0 = Release|Any CPU
		{FC459E75-B336-6CE9-5D05-63C44668F830}.Debug|Any CPU.ActiveCfg = Debug|Any CPU
		{FC459E75-B336-6CE9-5D05-63C44668F830}.Debug|Any CPU.Build.0 = Debug|Any CPU
		{FC459E75-B336-6CE9-5D05-63C44668F830}.Release|Any CPU.ActiveCfg = Release|Any CPU
		{FC459E75-B336-6CE9-5D05-63C44668F830}.Release|Any CPU.Build.0 = Release|Any CPU
		{0114239B-EE39-1EBF-B27A-15C2CAAE8758}.Debug|Any CPU.ActiveCfg = Debug|Any CPU
		{0114239B-EE39-1EBF-B27A-15C2CAAE8758}.Debug|Any CPU.Build.0 = Debug|Any CPU
		{0114239B-EE39-1EBF-B27A-15C2CAAE8758}.Release|Any CPU.ActiveCfg = Release|Any CPU
		{0114239B-EE39-1EBF-B27A-15C2CAAE8758}.Release|Any CPU.Build.0 = Release|Any CPU
		{A03C1F3F-FC99-8684-FA65-8862F0F851C1}.Debug|Any CPU.ActiveCfg = Debug|Any CPU
		{A03C1F3F-FC99-8684-FA65-8862F0F851C1}.Debug|Any CPU.Build.0 = Debug|Any CPU
		{A03C1F3F-FC99-8684-FA65-8862F0F851C1}.Release|Any CPU.ActiveCfg = Release|Any CPU
		{A03C1F3F-FC99-8684-FA65-8862F0F851C1}.Release|Any CPU.Build.0 = Release|Any CPU
	EndGlobalSection
	GlobalSection(SolutionProperties) = preSolution
		HideSolutionNode = FALSE
	EndGlobalSection
	GlobalSection(NestedProjects) = preSolution
		{D4B33612-7553-D1E1-E6CA-598673A6C07A} = {02EA681E-C7D8-13C7-8484-4AC65E1B71E8}
		{39C67370-1D66-82FC-F716-91472E5A6748} = {02EA681E-C7D8-13C7-8484-4AC65E1B71E8}
		{926095DC-168A-5D00-AD74-57F4117E3C05} = {02EA681E-C7D8-13C7-8484-4AC65E1B71E8}
		{0367F624-C348-C63D-2832-C6759DBF3868} = {02EA681E-C7D8-13C7-8484-4AC65E1B71E8}
		{16D3FC39-565F-260D-1B74-BC3382EB9759} = {6FDB4495-B6B7-49C8-A64E-04405233CE5C}
		{66E4CE61-554C-A263-CA6E-7E3210F76A19} = {6FDB4495-B6B7-49C8-A64E-04405233CE5C}
		{B0933ED1-04FB-C4B9-79D4-11C86C441E5F} = {6FDB4495-B6B7-49C8-A64E-04405233CE5C}
		{A92C3F79-176A-AD01-1EEE-62A1790F3AFD} = {6FDB4495-B6B7-49C8-A64E-04405233CE5C}
		{91808029-F3A0-F7B1-9BD7-C83F75016188} = {17D1CE45-26E6-4804-AEE3-3C10200C3D56}
		{FC459E75-B336-6CE9-5D05-63C44668F830} = {17D1CE45-26E6-4804-AEE3-3C10200C3D56}
		{0114239B-EE39-1EBF-B27A-15C2CAAE8758} = {17D1CE45-26E6-4804-AEE3-3C10200C3D56}
		{A03C1F3F-FC99-8684-FA65-8862F0F851C1} = {17D1CE45-26E6-4804-AEE3-3C10200C3D56}
	EndGlobalSection
	GlobalSection(ExtensibilityGlobals) = postSolution
		SolutionGuid = {ED79B9BF-EB30-4E49-A318-6D8342A4705A}
	EndGlobalSection
EndGlobal
